
Microsoft Visual Studio Solution File, Format Version 12.00
# Visual Studio Version 16
VisualStudioVersion = 16.0.28803.352
MinimumVisualStudioVersion = 10.0.40219.1
Project("{9A19103F-16F7-4668-BE54-9A1E7A4F7556}") = "FileStorage.Contracts", "FileStorage.Contracts\FileStorage.Contracts.csproj", "{220558B4-A57D-46FA-AE42-0F5F2376AD37}"
EndProject
Project("{9A19103F-16F7-4668-BE54-9A1E7A4F7556}") = "FileStorage.DataLayer", "FileStorage.DataLayer\FileStorage.DataLayer.csproj", "{485194A4-497E-4CC6-B04E-028C6CD81A58}"
EndProject
Project("{9A19103F-16F7-4668-BE54-9A1E7A4F7556}") = "FileStorage.WebApi", "FileStorage.WebApi\FileStorage.WebApi.csproj", "{1205C67C-E5B3-49A6-A96D-9098A2E5302D}"
EndProject
Project("{9A19103F-16F7-4668-BE54-9A1E7A4F7556}") = "FileStorage.ServiceLayer", "FileStorage.ServiceLayer\FileStorage.ServiceLayer.csproj", "{999C7776-7AC0-43EA-BF26-A7D837728FA3}"
EndProject
Project("{9A19103F-16F7-4668-BE54-9A1E7A4F7556}") = "FileStorage.Models", "FileStorage.Models\FileStorage.Models.csproj", "{9699A068-DD48-4C1C-9CB5-3C9AE07087F0}"
EndProject
Global
	GlobalSection(SolutionConfigurationPlatforms) = preSolution
		Debug|Any CPU = Debug|Any CPU
		Release|Any CPU = Release|Any CPU
	EndGlobalSection
	GlobalSection(ProjectConfigurationPlatforms) = postSolution
		{220558B4-A57D-46FA-AE42-0F5F2376AD37}.Debug|Any CPU.ActiveCfg = Debug|Any CPU
		{220558B4-A57D-46FA-AE42-0F5F2376AD37}.Debug|Any CPU.Build.0 = Debug|Any CPU
		{220558B4-A57D-46FA-AE42-0F5F2376AD37}.Release|Any CPU.ActiveCfg = Release|Any CPU
		{220558B4-A57D-46FA-AE42-0F5F2376AD37}.Release|Any CPU.Build.0 = Release|Any CPU
		{485194A4-497E-4CC6-B04E-028C6CD81A58}.Debug|Any CPU.ActiveCfg = Debug|Any CPU
		{485194A4-497E-4CC6-B04E-028C6CD81A58}.Debug|Any CPU.Build.0 = Debug|Any CPU
		{485194A4-497E-4CC6-B04E-028C6CD81A58}.Release|Any CPU.ActiveCfg = Release|Any CPU
		{485194A4-497E-4CC6-B04E-028C6CD81A58}.Release|Any CPU.Build.0 = Release|Any CPU
		{1205C67C-E5B3-49A6-A96D-9098A2E5302D}.Debug|Any CPU.ActiveCfg = Debug|Any CPU
		{1205C67C-E5B3-49A6-A96D-9098A2E5302D}.Debug|Any CPU.Build.0 = Debug|Any CPU
		{1205C67C-E5B3-49A6-A96D-9098A2E5302D}.Release|Any CPU.ActiveCfg = Release|Any CPU
		{1205C67C-E5B3-49A6-A96D-9098A2E5302D}.Release|Any CPU.Build.0 = Release|Any CPU
		{999C7776-7AC0-43EA-BF26-A7D837728FA3}.Debug|Any CPU.ActiveCfg = Debug|Any CPU
		{999C7776-7AC0-43EA-BF26-A7D837728FA3}.Debug|Any CPU.Build.0 = Debug|Any CPU
		{999C7776-7AC0-43EA-BF26-A7D837728FA3}.Release|Any CPU.ActiveCfg = Release|Any CPU
		{999C7776-7AC0-43EA-BF26-A7D837728FA3}.Release|Any CPU.Build.0 = Release|Any CPU
		{9699A068-DD48-4C1C-9CB5-3C9AE07087F0}.Debug|Any CPU.ActiveCfg = Debug|Any CPU
		{9699A068-DD48-4C1C-9CB5-3C9AE07087F0}.Debug|Any CPU.Build.0 = Debug|Any CPU
		{9699A068-DD48-4C1C-9CB5-3C9AE07087F0}.Release|Any CPU.ActiveCfg = Release|Any CPU
		{9699A068-DD48-4C1C-9CB5-3C9AE07087F0}.Release|Any CPU.Build.0 = Release|Any CPU
	EndGlobalSection
	GlobalSection(SolutionProperties) = preSolution
		HideSolutionNode = FALSE
	EndGlobalSection
	GlobalSection(ExtensibilityGlobals) = postSolution
		SolutionGuid = {0082B227-A61A-4E8B-81E3-E802CE9EAD4A}
	EndGlobalSection
EndGlobal
